
Microsoft Visual Studio Solution File, Format Version 12.00
# Visual Studio 2012
Project("{FAE04EC0-301F-11D3-BF4B-00C04F79EFBC}") = "SingleAPpldid", "SingleAPpldid\SingleAPpldid.csproj", "{FF54857F-0830-47DA-BD0F-D4340FEEFB49}"
EndProject
Global
	GlobalSection(SolutionConfigurationPlatforms) = preSolution
		Debug|iPhoneSimulator = Debug|iPhoneSimulator
		Release|iPhoneSimulator = Release|iPhoneSimulator
		Debug|iPhone = Debug|iPhone
		Release|iPhone = Release|iPhone
		Ad-Hoc|iPhone = Ad-Hoc|iPhone
		AppStore|iPhone = AppStore|iPhone
	EndGlobalSection
	GlobalSection(ProjectConfigurationPlatforms) = postSolution
		{FF54857F-0830-47DA-BD0F-D4340FEEFB49}.Ad-Hoc|iPhone.ActiveCfg = Ad-Hoc|iPhone
		{FF54857F-0830-47DA-BD0F-D4340FEEFB49}.Ad-Hoc|iPhone.Build.0 = Ad-Hoc|iPhone
		{FF54857F-0830-47DA-BD0F-D4340FEEFB49}.AppStore|iPhone.ActiveCfg = AppStore|iPhone
		{FF54857F-0830-47DA-BD0F-D4340FEEFB49}.AppStore|iPhone.Build.0 = AppStore|iPhone
		{FF54857F-0830-47DA-BD0F-D4340FEEFB49}.Debug|iPhone.ActiveCfg = Debug|iPhone
		{FF54857F-0830-47DA-BD0F-D4340FEEFB49}.Debug|iPhone.Build.0 = Debug|iPhone
		{FF54857F-0830-47DA-BD0F-D4340FEEFB49}.Debug|iPhoneSimulator.ActiveCfg = Debug|iPhoneSimulator
		{FF54857F-0830-47DA-BD0F-D4340FEEFB49}.Debug|iPhoneSimulator.Build.0 = Debug|iPhoneSimulator
		{FF54857F-0830-47DA-BD0F-D4340FEEFB49}.Release|iPhone.ActiveCfg = Release|iPhone
		{FF54857F-0830-47DA-BD0F-D4340FEEFB49}.Release|iPhone.Build.0 = Release|iPhone
		{FF54857F-0830-47DA-BD0F-D4340FEEFB49}.Release|iPhoneSimulator.ActiveCfg = Release|iPhoneSimulator
		{FF54857F-0830-47DA-BD0F-D4340FEEFB49}.Release|iPhoneSimulator.Build.0 = Release|iPhoneSimulator
	EndGlobalSection
	GlobalSection(MonoDevelopProperties) = preSolution
		StartupItem = SingleAPpldid\SingleAPpldid.csproj
	EndGlobalSection
EndGlobal
